
Microsoft Visual Studio Solution File, Format Version 12.00
# Visual Studio Version 17
VisualStudioVersion = 17.14.36414.22 d17.14
MinimumVisualStudioVersion = 10.0.40219.1
Project("{FAE04EC0-301F-11D3-BF4B-00C04F79EFBC}") = "Quiz", "Quiz\Quiz.csproj", "{A3838FEA-7657-4250-A912-2430E1CFD648}"
EndProject
Global
	GlobalSection(SolutionConfigurationPlatforms) = preSolution
		Debug|Any CPU = Debug|Any CPU
		Release|Any CPU = Release|Any CPU
	EndGlobalSection
	GlobalSection(ProjectConfigurationPlatforms) = postSolution
		{A3838FEA-7657-4250-A912-2430E1CFD648}.Debug|Any CPU.ActiveCfg = Debug|Any CPU
		{A3838FEA-7657-4250-A912-2430E1CFD648}.Debug|Any CPU.Build.0 = Debug|Any CPU
		{A3838FEA-7657-4250-A912-2430E1CFD648}.Release|Any CPU.ActiveCfg = Release|Any CPU
		{A3838FEA-7657-4250-A912-2430E1CFD648}.Release|Any CPU.Build.0 = Release|Any CPU
	EndGlobalSection
	GlobalSection(SolutionProperties) = preSolution
		HideSolutionNode = FALSE
	EndGlobalSection
	GlobalSection(ExtensibilityGlobals) = postSolution
		SolutionGuid = {66106457-FDE4-4125-82EC-48BF256CBF03}
	EndGlobalSection
EndGlobal
