
Microsoft Visual Studio Solution File, Format Version 12.00
# Visual Studio Version 17
VisualStudioVersion = 17.14.36414.22 d17.14
MinimumVisualStudioVersion = 10.0.40219.1
Project("{FAE04EC0-301F-11D3-BF4B-00C04F79EFBC}") = "Tablazat", "Tablazat\Tablazat.csproj", "{A0AF2CD3-16B5-4A85-ADC1-0485697D8FA2}"
EndProject
Global
	GlobalSection(SolutionConfigurationPlatforms) = preSolution
		Debug|Any CPU = Debug|Any CPU
		Release|Any CPU = Release|Any CPU
	EndGlobalSection
	GlobalSection(ProjectConfigurationPlatforms) = postSolution
		{A0AF2CD3-16B5-4A85-ADC1-0485697D8FA2}.Debug|Any CPU.ActiveCfg = Debug|Any CPU
		{A0AF2CD3-16B5-4A85-ADC1-0485697D8FA2}.Debug|Any CPU.Build.0 = Debug|Any CPU
		{A0AF2CD3-16B5-4A85-ADC1-0485697D8FA2}.Release|Any CPU.ActiveCfg = Release|Any CPU
		{A0AF2CD3-16B5-4A85-ADC1-0485697D8FA2}.Release|Any CPU.Build.0 = Release|Any CPU
	EndGlobalSection
	GlobalSection(SolutionProperties) = preSolution
		HideSolutionNode = FALSE
	EndGlobalSection
	GlobalSection(ExtensibilityGlobals) = postSolution
		SolutionGuid = {F16AD536-2388-4965-848F-C1AF452CD74E}
	EndGlobalSection
EndGlobal
