
Microsoft Visual Studio Solution File, Format Version 12.00
# Visual Studio Version 17
VisualStudioVersion = 17.14.36414.22 d17.14
MinimumVisualStudioVersion = 10.0.40219.1
Project("{FAE04EC0-301F-11D3-BF4B-00C04F79EFBC}") = "1dolgozatWB", "1dolgozatWB\1dolgozatWB.csproj", "{081E477B-37E3-4A87-BCBD-8840FD90194C}"
EndProject
Global
	GlobalSection(SolutionConfigurationPlatforms) = preSolution
		Debug|Any CPU = Debug|Any CPU
		Release|Any CPU = Release|Any CPU
	EndGlobalSection
	GlobalSection(ProjectConfigurationPlatforms) = postSolution
		{081E477B-37E3-4A87-BCBD-8840FD90194C}.Debug|Any CPU.ActiveCfg = Debug|Any CPU
		{081E477B-37E3-4A87-BCBD-8840FD90194C}.Debug|Any CPU.Build.0 = Debug|Any CPU
		{081E477B-37E3-4A87-BCBD-8840FD90194C}.Release|Any CPU.ActiveCfg = Release|Any CPU
		{081E477B-37E3-4A87-BCBD-8840FD90194C}.Release|Any CPU.Build.0 = Release|Any CPU
	EndGlobalSection
	GlobalSection(SolutionProperties) = preSolution
		HideSolutionNode = FALSE
	EndGlobalSection
	GlobalSection(ExtensibilityGlobals) = postSolution
		SolutionGuid = {D6BF7CB4-CEDC-4E26-93A4-CDE5B9577F9B}
	EndGlobalSection
EndGlobal
